{
  "name": "lokato-platform",
  "lockfileVersion": 3,
  "requires": true,
  "packages": {
    "node_modules/@qruto/fetch-event-source": {
      "version": "2.0.2",
      "resolved": "https://registry.npmjs.org/@qruto/fetch-event-source/-/fetch-event-source-2.0.2.tgz",
      "integrity": "sha512-6oZ57swMoYIixUk5A0jF8dJeNqCQf5Lp5sj9TWv9jMcLPEpNMeGNOtC3kZcjRHxtZLNXzapcHerZ4yOg5p3ZfA==",
      "dev": true,
      "license": "MIT"
    },
    "node_modules/laravel-echo": {
      "version": "1.19.0",
      "resolved": "https://registry.npmjs.org/laravel-echo/-/laravel-echo-1.19.0.tgz",
      "integrity": "sha512-o/X4XH8BIRwij66PSjtotZfM88Z8g/4P3gzxQf2BTcZBKmGqucvI5JYYLprR2OZQ9XlGsmJ2v+hDpPGEbXwUWw==",
      "dev": true,
      "license": "MIT",
      "peer": true,
      "engines": {
        "node": ">=10"
      }
    },
    "node_modules/laravel-wave": {
      "version": "0.8.1",
      "resolved": "https://registry.npmjs.org/laravel-wave/-/laravel-wave-0.8.1.tgz",
      "integrity": "sha512-M6upq7AYU2OKB59ohYboGnOjRZGa+AzxTX5xACFlZhsRZoGpRvz+5osOpi0WYA1/Nmdje5svsUaloEd4KPxefA==",
      "dev": true,
      "license": "MIT",
      "dependencies": {
        "@qruto/fetch-event-source": "^2.0.2"
      },
      "engines": {
        "node": ">=10"
      },
      "peerDependencies": {
        "laravel-echo": "^1.15.3"
      }
    }
  }
}
